
Microsoft Visual Studio Solution File, Format Version 12.00
# Visual Studio Version 16
VisualStudioVersion = 16.0.30413.136
MinimumVisualStudioVersion = 10.0.40219.1
Project("{FAE04EC0-301F-11D3-BF4B-00C04F79EFBC}") = "BlazorMovie.Server", "BlazorMovie\Server\BlazorMovie.Server.csproj", "{793E09C9-F94B-4782-9412-491C46785269}"
EndProject
Project("{FAE04EC0-301F-11D3-BF4B-00C04F79EFBC}") = "BlazorMovie.Client", "BlazorMovie\Client\BlazorMovie.Client.csproj", "{5487E360-94AE-4A7B-90E7-56F435C088B0}"
EndProject
Project("{FAE04EC0-301F-11D3-BF4B-00C04F79EFBC}") = "BlazorMovie.Shared", "BlazorMovie\Shared\BlazorMovie.Shared.csproj", "{06316C88-7155-4C13-8134-0206291A7D21}"
EndProject
Global
	GlobalSection(SolutionConfigurationPlatforms) = preSolution
		Debug|Any CPU = Debug|Any CPU
		Release|Any CPU = Release|Any CPU
	EndGlobalSection
	GlobalSection(ProjectConfigurationPlatforms) = postSolution
		{793E09C9-F94B-4782-9412-491C46785269}.Debug|Any CPU.ActiveCfg = Debug|Any CPU
		{793E09C9-F94B-4782-9412-491C46785269}.Debug|Any CPU.Build.0 = Debug|Any CPU
		{793E09C9-F94B-4782-9412-491C46785269}.Release|Any CPU.ActiveCfg = Release|Any CPU
		{793E09C9-F94B-4782-9412-491C46785269}.Release|Any CPU.Build.0 = Release|Any CPU
		{5487E360-94AE-4A7B-90E7-56F435C088B0}.Debug|Any CPU.ActiveCfg = Debug|Any CPU
		{5487E360-94AE-4A7B-90E7-56F435C088B0}.Debug|Any CPU.Build.0 = Debug|Any CPU
		{5487E360-94AE-4A7B-90E7-56F435C088B0}.Release|Any CPU.ActiveCfg = Release|Any CPU
		{5487E360-94AE-4A7B-90E7-56F435C088B0}.Release|Any CPU.Build.0 = Release|Any CPU
		{06316C88-7155-4C13-8134-0206291A7D21}.Debug|Any CPU.ActiveCfg = Debug|Any CPU
		{06316C88-7155-4C13-8134-0206291A7D21}.Debug|Any CPU.Build.0 = Debug|Any CPU
		{06316C88-7155-4C13-8134-0206291A7D21}.Release|Any CPU.ActiveCfg = Release|Any CPU
		{06316C88-7155-4C13-8134-0206291A7D21}.Release|Any CPU.Build.0 = Release|Any CPU
	EndGlobalSection
	GlobalSection(SolutionProperties) = preSolution
		HideSolutionNode = FALSE
	EndGlobalSection
	GlobalSection(ExtensibilityGlobals) = postSolution
		SolutionGuid = {DAE6B8FD-7467-43AB-8FB8-DFF93B3B33B5}
	EndGlobalSection
EndGlobal
